// !$*UTF8*$!
{
	archiveVersion = 1;
	classes = {
	};
	objectVersion = 50;
	objects = {

/* Begin PBXBuildFile section */
		4E89A6E04683E2B3E0777D6B /* libPods-Lista_Empresas.a in Frameworks */ = {isa = PBXBuildFile; fileRef = 049AAC77AF9C87FAE155B098 /* libPods-Lista_Empresas.a */; };
		A448154423CCF687009392A1 /* ApiResponse.swift in Sources */ = {isa = PBXBuildFile; fileRef = A448154323CCF687009392A1 /* ApiResponse.swift */; };
		A448154723CCFBE9009392A1 /* SwiftyJSON.framework in Frameworks */ = {isa = PBXBuildFile; fileRef = A448154623CCFBE9009392A1 /* SwiftyJSON.framework */; };
		A448154823CCFBE9009392A1 /* SwiftyJSON.framework in Embed Frameworks */ = {isa = PBXBuildFile; fileRef = A448154623CCFBE9009392A1 /* SwiftyJSON.framework */; settings = {ATTRIBUTES = (CodeSignOnCopy, RemoveHeadersOnCopy, ); }; };
		A448154C23CD0937009392A1 /* LoginService.swift in Sources */ = {isa = PBXBuildFile; fileRef = A448154B23CD0937009392A1 /* LoginService.swift */; };
		A448154F23CD0E16009392A1 /* InvestorLogin.swift in Sources */ = {isa = PBXBuildFile; fileRef = A448154E23CD0E16009392A1 /* InvestorLogin.swift */; };
		A448155123CD0F20009392A1 /* Investor.swift in Sources */ = {isa = PBXBuildFile; fileRef = A448155023CD0F20009392A1 /* Investor.swift */; };
		A448155423CD36C2009392A1 /* LoginPresenter.swift in Sources */ = {isa = PBXBuildFile; fileRef = A448155323CD36C2009392A1 /* LoginPresenter.swift */; };
		A448155623CD489B009392A1 /* ApiRequest.swift in Sources */ = {isa = PBXBuildFile; fileRef = A448155523CD489B009392A1 /* ApiRequest.swift */; };
		A44E3790239DAB3B00048D80 /* ListaViewController.swift in Sources */ = {isa = PBXBuildFile; fileRef = A44E378F239DAB3B00048D80 /* ListaViewController.swift */; };
		A4AD628B2399D4D400FB7119 /* AppDelegate.swift in Sources */ = {isa = PBXBuildFile; fileRef = A4AD628A2399D4D400FB7119 /* AppDelegate.swift */; };
		A4AD628D2399D4D400FB7119 /* SceneDelegate.swift in Sources */ = {isa = PBXBuildFile; fileRef = A4AD628C2399D4D400FB7119 /* SceneDelegate.swift */; };
		A4AD628F2399D4D400FB7119 /* LoginViewController.swift in Sources */ = {isa = PBXBuildFile; fileRef = A4AD628E2399D4D400FB7119 /* LoginViewController.swift */; };
		A4AD62922399D4D400FB7119 /* Main.storyboard in Resources */ = {isa = PBXBuildFile; fileRef = A4AD62902399D4D400FB7119 /* Main.storyboard */; };
		A4AD62942399D4D500FB7119 /* Assets.xcassets in Resources */ = {isa = PBXBuildFile; fileRef = A4AD62932399D4D500FB7119 /* Assets.xcassets */; };
		A4AD62972399D4D500FB7119 /* LaunchScreen.storyboard in Resources */ = {isa = PBXBuildFile; fileRef = A4AD62952399D4D500FB7119 /* LaunchScreen.storyboard */; };
		A4D24825239DDEDD0018B44B /* Coordinator.swift in Sources */ = {isa = PBXBuildFile; fileRef = A4D24824239DDEDD0018B44B /* Coordinator.swift */; };
/* End PBXBuildFile section */

/* Begin PBXCopyFilesBuildPhase section */
		A448154923CCFBE9009392A1 /* Embed Frameworks */ = {
			isa = PBXCopyFilesBuildPhase;
			buildActionMask = 2147483647;
			dstPath = "";
			dstSubfolderSpec = 10;
			files = (
				A448154823CCFBE9009392A1 /* SwiftyJSON.framework in Embed Frameworks */,
			);
			name = "Embed Frameworks";
			runOnlyForDeploymentPostprocessing = 0;
		};
/* End PBXCopyFilesBuildPhase section */

/* Begin PBXFileReference section */
		049AAC77AF9C87FAE155B098 /* libPods-Lista_Empresas.a */ = {isa = PBXFileReference; explicitFileType = archive.ar; includeInIndex = 0; path = "libPods-Lista_Empresas.a"; sourceTree = BUILT_PRODUCTS_DIR; };
		2399DD2E81E1640451EC7146 /* Pods-Lista_Empresas.debug.xcconfig */ = {isa = PBXFileReference; includeInIndex = 1; lastKnownFileType = text.xcconfig; name = "Pods-Lista_Empresas.debug.xcconfig"; path = "Target Support Files/Pods-Lista_Empresas/Pods-Lista_Empresas.debug.xcconfig"; sourceTree = "<group>"; };
		A448154323CCF687009392A1 /* ApiResponse.swift */ = {isa = PBXFileReference; lastKnownFileType = sourcecode.swift; path = ApiResponse.swift; sourceTree = "<group>"; };
		A448154623CCFBE9009392A1 /* SwiftyJSON.framework */ = {isa = PBXFileReference; lastKnownFileType = wrapper.framework; name = SwiftyJSON.framework; path = Carthage/Build/iOS/SwiftyJSON.framework; sourceTree = "<group>"; };
		A448154B23CD0937009392A1 /* LoginService.swift */ = {isa = PBXFileReference; lastKnownFileType = sourcecode.swift; path = LoginService.swift; sourceTree = "<group>"; };
		A448154E23CD0E16009392A1 /* InvestorLogin.swift */ = {isa = PBXFileReference; lastKnownFileType = sourcecode.swift; path = InvestorLogin.swift; sourceTree = "<group>"; };
		A448155023CD0F20009392A1 /* Investor.swift */ = {isa = PBXFileReference; lastKnownFileType = sourcecode.swift; path = Investor.swift; sourceTree = "<group>"; };
		A448155323CD36C2009392A1 /* LoginPresenter.swift */ = {isa = PBXFileReference; lastKnownFileType = sourcecode.swift; path = LoginPresenter.swift; sourceTree = "<group>"; };
		A448155523CD489B009392A1 /* ApiRequest.swift */ = {isa = PBXFileReference; lastKnownFileType = sourcecode.swift; path = ApiRequest.swift; sourceTree = "<group>"; };
		A44E378F239DAB3B00048D80 /* ListaViewController.swift */ = {isa = PBXFileReference; lastKnownFileType = sourcecode.swift; path = ListaViewController.swift; sourceTree = "<group>"; };
		A4AD62872399D4D400FB7119 /* Lista_Empresas.app */ = {isa = PBXFileReference; explicitFileType = wrapper.application; includeInIndex = 0; path = Lista_Empresas.app; sourceTree = BUILT_PRODUCTS_DIR; };
		A4AD628A2399D4D400FB7119 /* AppDelegate.swift */ = {isa = PBXFileReference; lastKnownFileType = sourcecode.swift; path = AppDelegate.swift; sourceTree = "<group>"; };
		A4AD628C2399D4D400FB7119 /* SceneDelegate.swift */ = {isa = PBXFileReference; lastKnownFileType = sourcecode.swift; path = SceneDelegate.swift; sourceTree = "<group>"; };
		A4AD628E2399D4D400FB7119 /* LoginViewController.swift */ = {isa = PBXFileReference; lastKnownFileType = sourcecode.swift; path = LoginViewController.swift; sourceTree = "<group>"; };
		A4AD62912399D4D400FB7119 /* Base */ = {isa = PBXFileReference; lastKnownFileType = file.storyboard; name = Base; path = Base.lproj/Main.storyboard; sourceTree = "<group>"; };
		A4AD62932399D4D500FB7119 /* Assets.xcassets */ = {isa = PBXFileReference; lastKnownFileType = folder.assetcatalog; path = Assets.xcassets; sourceTree = "<group>"; };
		A4AD62962399D4D500FB7119 /* Base */ = {isa = PBXFileReference; lastKnownFileType = file.storyboard; name = Base; path = Base.lproj/LaunchScreen.storyboard; sourceTree = "<group>"; };
		A4AD62982399D4D500FB7119 /* Info.plist */ = {isa = PBXFileReference; lastKnownFileType = text.plist.xml; path = Info.plist; sourceTree = "<group>"; };
		A4D24824239DDEDD0018B44B /* Coordinator.swift */ = {isa = PBXFileReference; lastKnownFileType = sourcecode.swift; path = Coordinator.swift; sourceTree = "<group>"; };
		EBEE082B660985F0CD429D74 /* Pods-Lista_Empresas.release.xcconfig */ = {isa = PBXFileReference; includeInIndex = 1; lastKnownFileType = text.xcconfig; name = "Pods-Lista_Empresas.release.xcconfig"; path = "Target Support Files/Pods-Lista_Empresas/Pods-Lista_Empresas.release.xcconfig"; sourceTree = "<group>"; };
/* End PBXFileReference section */

/* Begin PBXFrameworksBuildPhase section */
		A4AD62842399D4D400FB7119 /* Frameworks */ = {
			isa = PBXFrameworksBuildPhase;
			buildActionMask = 2147483647;
			files = (
				A448154723CCFBE9009392A1 /* SwiftyJSON.framework in Frameworks */,
				4E89A6E04683E2B3E0777D6B /* libPods-Lista_Empresas.a in Frameworks */,
			);
			runOnlyForDeploymentPostprocessing = 0;
		};
/* End PBXFrameworksBuildPhase section */

/* Begin PBXGroup section */
		18E9D9BB675D05ABC1884290 /* Pods */ = {
			isa = PBXGroup;
			children = (
				2399DD2E81E1640451EC7146 /* Pods-Lista_Empresas.debug.xcconfig */,
				EBEE082B660985F0CD429D74 /* Pods-Lista_Empresas.release.xcconfig */,
			);
			path = Pods;
			sourceTree = "<group>";
		};
		A448154223CCF59C009392A1 /* API */ = {
			isa = PBXGroup;
			children = (
				A448154323CCF687009392A1 /* ApiResponse.swift */,
				A448155523CD489B009392A1 /* ApiRequest.swift */,
			);
			path = API;
			sourceTree = "<group>";
		};
		A448154523CCFBE9009392A1 /* Frameworks */ = {
			isa = PBXGroup;
			children = (
				A448154623CCFBE9009392A1 /* SwiftyJSON.framework */,
				049AAC77AF9C87FAE155B098 /* libPods-Lista_Empresas.a */,
			);
			name = Frameworks;
			sourceTree = "<group>";
		};
		A448154D23CD0DE8009392A1 /* Models */ = {
			isa = PBXGroup;
			children = (
				A448154E23CD0E16009392A1 /* InvestorLogin.swift */,
				A448155023CD0F20009392A1 /* Investor.swift */,
			);
			path = Models;
			sourceTree = "<group>";
		};
		A448155223CD350B009392A1 /* Presenter */ = {
			isa = PBXGroup;
			children = (
				A448155323CD36C2009392A1 /* LoginPresenter.swift */,
			);
			path = Presenter;
			sourceTree = "<group>";
		};
		A448155723CD48A1009392A1 /* Services */ = {
			isa = PBXGroup;
			children = (
				A448154B23CD0937009392A1 /* LoginService.swift */,
			);
			path = Services;
			sourceTree = "<group>";
		};
		A44E3791239DB0CA00048D80 /* ViewController */ = {
			isa = PBXGroup;
			children = (
				A4AD628E2399D4D400FB7119 /* LoginViewController.swift */,
				A44E378F239DAB3B00048D80 /* ListaViewController.swift */,
			);
			path = ViewController;
			sourceTree = "<group>";
		};
		A4AD627E2399D4D400FB7119 = {
			isa = PBXGroup;
			children = (
				A4AD62892399D4D400FB7119 /* Lista_Empresas */,
				A4AD62882399D4D400FB7119 /* Products */,
				A448154523CCFBE9009392A1 /* Frameworks */,
				18E9D9BB675D05ABC1884290 /* Pods */,
			);
			sourceTree = "<group>";
		};
		A4AD62882399D4D400FB7119 /* Products */ = {
			isa = PBXGroup;
			children = (
				A4AD62872399D4D400FB7119 /* Lista_Empresas.app */,
			);
			name = Products;
			sourceTree = "<group>";
		};
		A4AD62892399D4D400FB7119 /* Lista_Empresas */ = {
			isa = PBXGroup;
			children = (
				A44E3791239DB0CA00048D80 /* ViewController */,
				A448155223CD350B009392A1 /* Presenter */,
				A4D24820239DD9780018B44B /* DataSource */,
				A448154D23CD0DE8009392A1 /* Models */,
				A4D24823239DDD220018B44B /* Coordinator */,
				A4AD628A2399D4D400FB7119 /* AppDelegate.swift */,
				A4AD628C2399D4D400FB7119 /* SceneDelegate.swift */,
				A4AD62902399D4D400FB7119 /* Main.storyboard */,
				A4AD62932399D4D500FB7119 /* Assets.xcassets */,
				A4AD62952399D4D500FB7119 /* LaunchScreen.storyboard */,
				A4AD62982399D4D500FB7119 /* Info.plist */,
			);
			path = Lista_Empresas;
			sourceTree = "<group>";
		};
		A4D24820239DD9780018B44B /* DataSource */ = {
			isa = PBXGroup;
			children = (
				A448154223CCF59C009392A1 /* API */,
				A448155723CD48A1009392A1 /* Services */,
			);
			path = DataSource;
			sourceTree = "<group>";
		};
		A4D24823239DDD220018B44B /* Coordinator */ = {
			isa = PBXGroup;
			children = (
				A4D24824239DDEDD0018B44B /* Coordinator.swift */,
			);
			path = Coordinator;
			sourceTree = "<group>";
		};
/* End PBXGroup section */

/* Begin PBXNativeTarget section */
		A4AD62862399D4D400FB7119 /* Lista_Empresas */ = {
			isa = PBXNativeTarget;
			buildConfigurationList = A4AD629B2399D4D500FB7119 /* Build configuration list for PBXNativeTarget "Lista_Empresas" */;
			buildPhases = (
				F29A154892C4E56040422528 /* [CP] Check Pods Manifest.lock */,
				A4AD62832399D4D400FB7119 /* Sources */,
				A4AD62842399D4D400FB7119 /* Frameworks */,
				A4AD62852399D4D400FB7119 /* Resources */,
				A448154923CCFBE9009392A1 /* Embed Frameworks */,
				A448154A23CCFD13009392A1 /* Carthage */,
			);
			buildRules = (
			);
			dependencies = (
			);
			name = Lista_Empresas;
			productName = Lista_Empresas;
			productReference = A4AD62872399D4D400FB7119 /* Lista_Empresas.app */;
			productType = "com.apple.product-type.application";
		};
/* End PBXNativeTarget section */

/* Begin PBXProject section */
		A4AD627F2399D4D400FB7119 /* Project object */ = {
			isa = PBXProject;
			attributes = {
				LastSwiftUpdateCheck = 1120;
				LastUpgradeCheck = 1120;
				ORGANIZATIONNAME = "Rafael Martins";
				TargetAttributes = {
					A4AD62862399D4D400FB7119 = {
						CreatedOnToolsVersion = 11.2.1;
					};
				};
			};
			buildConfigurationList = A4AD62822399D4D400FB7119 /* Build configuration list for PBXProject "Lista_Empresas" */;
			compatibilityVersion = "Xcode 9.3";
			developmentRegion = en;
			hasScannedForEncodings = 0;
			knownRegions = (
				en,
				Base,
			);
			mainGroup = A4AD627E2399D4D400FB7119;
			productRefGroup = A4AD62882399D4D400FB7119 /* Products */;
			projectDirPath = "";
			projectRoot = "";
			targets = (
				A4AD62862399D4D400FB7119 /* Lista_Empresas */,
			);
		};
/* End PBXProject section */

/* Begin PBXResourcesBuildPhase section */
		A4AD62852399D4D400FB7119 /* Resources */ = {
			isa = PBXResourcesBuildPhase;
			buildActionMask = 2147483647;
			files = (
				A4AD62972399D4D500FB7119 /* LaunchScreen.storyboard in Resources */,
				A4AD62942399D4D500FB7119 /* Assets.xcassets in Resources */,
				A4AD62922399D4D400FB7119 /* Main.storyboard in Resources */,
			);
			runOnlyForDeploymentPostprocessing = 0;
		};
/* End PBXResourcesBuildPhase section */

/* Begin PBXShellScriptBuildPhase section */
		A448154A23CCFD13009392A1 /* Carthage */ = {
			isa = PBXShellScriptBuildPhase;
			buildActionMask = 2147483647;
			files = (
			);
			inputFileListPaths = (
			);
			inputPaths = (
				"$(SRCROOT)/Carthage/Build/iOS/SwiftyJSON.framework",
			);
			name = Carthage;
			outputFileListPaths = (
			);
			outputPaths = (
			);
			runOnlyForDeploymentPostprocessing = 0;
			shellPath = /bin/sh;
			shellScript = "# Type a script or drag a script file from your workspace to insert its path.\n/usr/local/bin/carthage copy-frameworks\n";
		};
		F29A154892C4E56040422528 /* [CP] Check Pods Manifest.lock */ = {
			isa = PBXShellScriptBuildPhase;
			buildActionMask = 2147483647;
			files = (
			);
			inputFileListPaths = (
			);
			inputPaths = (
				"${PODS_PODFILE_DIR_PATH}/Podfile.lock",
				"${PODS_ROOT}/Manifest.lock",
			);
			name = "[CP] Check Pods Manifest.lock";
			outputFileListPaths = (
			);
			outputPaths = (
				"$(DERIVED_FILE_DIR)/Pods-Lista_Empresas-checkManifestLockResult.txt",
			);
			runOnlyForDeploymentPostprocessing = 0;
			shellPath = /bin/sh;
			shellScript = "diff \"${PODS_PODFILE_DIR_PATH}/Podfile.lock\" \"${PODS_ROOT}/Manifest.lock\" > /dev/null\nif [ $? != 0 ] ; then\n    # print error to STDERR\n    echo \"error: The sandbox is not in sync with the Podfile.lock. Run 'pod install' or update your CocoaPods installation.\" >&2\n    exit 1\nfi\n# This output is used by Xcode 'outputs' to avoid re-running this script phase.\necho \"SUCCESS\" > \"${SCRIPT_OUTPUT_FILE_0}\"\n";
			showEnvVarsInLog = 0;
		};
/* End PBXShellScriptBuildPhase section */

/* Begin PBXSourcesBuildPhase section */
		A4AD62832399D4D400FB7119 /* Sources */ = {
			isa = PBXSourcesBuildPhase;
			buildActionMask = 2147483647;
			files = (
				A44E3790239DAB3B00048D80 /* ListaViewController.swift in Sources */,
				A4AD628F2399D4D400FB7119 /* LoginViewController.swift in Sources */,
				A4D24825239DDEDD0018B44B /* Coordinator.swift in Sources */,
				A448154423CCF687009392A1 /* ApiResponse.swift in Sources */,
				A448155423CD36C2009392A1 /* LoginPresenter.swift in Sources */,
				A4AD628B2399D4D400FB7119 /* AppDelegate.swift in Sources */,
				A448154F23CD0E16009392A1 /* InvestorLogin.swift in Sources */,
				A4AD628D2399D4D400FB7119 /* SceneDelegate.swift in Sources */,
				A448154C23CD0937009392A1 /* LoginService.swift in Sources */,
				A448155623CD489B009392A1 /* ApiRequest.swift in Sources */,
				A448155123CD0F20009392A1 /* Investor.swift in Sources */,
			);
			runOnlyForDeploymentPostprocessing = 0;
		};
/* End PBXSourcesBuildPhase section */

/* Begin PBXVariantGroup section */
		A4AD62902399D4D400FB7119 /* Main.storyboard */ = {
			isa = PBXVariantGroup;
			children = (
				A4AD62912399D4D400FB7119 /* Base */,
			);
			name = Main.storyboard;
			sourceTree = "<group>";
		};
		A4AD62952399D4D500FB7119 /* LaunchScreen.storyboard */ = {
			isa = PBXVariantGroup;
			children = (
				A4AD62962399D4D500FB7119 /* Base */,
			);
			name = LaunchScreen.storyboard;
			sourceTree = "<group>";
		};
/* End PBXVariantGroup section */

/* Begin XCBuildConfiguration section */
		A4AD62992399D4D500FB7119 /* Debug */ = {
			isa = XCBuildConfiguration;
			buildSettings = {
				ALWAYS_SEARCH_USER_PATHS = NO;
				CLANG_ANALYZER_NONNULL = YES;
				CLANG_ANALYZER_NUMBER_OBJECT_CONVERSION = YES_AGGRESSIVE;
				CLANG_CXX_LANGUAGE_STANDARD = "gnu++14";
				CLANG_CXX_LIBRARY = "libc++";
				CLANG_ENABLE_MODULES = YES;
				CLANG_ENABLE_OBJC_ARC = YES;
				CLANG_ENABLE_OBJC_WEAK = YES;
				CLANG_WARN_BLOCK_CAPTURE_AUTORELEASING = YES;
				CLANG_WARN_BOOL_CONVERSION = YES;
				CLANG_WARN_COMMA = YES;
				CLANG_WARN_CONSTANT_CONVERSION = YES;
				CLANG_WARN_DEPRECATED_OBJC_IMPLEMENTATIONS = YES;
				CLANG_WARN_DIRECT_OBJC_ISA_USAGE = YES_ERROR;
				CLANG_WARN_DOCUMENTATION_COMMENTS = YES;
				CLANG_WARN_EMPTY_BODY = YES;
				CLANG_WARN_ENUM_CONVERSION = YES;
				CLANG_WARN_INFINITE_RECURSION = YES;
				CLANG_WARN_INT_CONVERSION = YES;
				CLANG_WARN_NON_LITERAL_NULL_CONVERSION = YES;
				CLANG_WARN_OBJC_IMPLICIT_RETAIN_SELF = YES;
				CLANG_WARN_OBJC_LITERAL_CONVERSION = YES;
				CLANG_WARN_OBJC_ROOT_CLASS = YES_ERROR;
				CLANG_WARN_RANGE_LOOP_ANALYSIS = YES;
				CLANG_WARN_STRICT_PROTOTYPES = YES;
				CLANG_WARN_SUSPICIOUS_MOVE = YES;
				CLANG_WARN_UNGUARDED_AVAILABILITY = YES_AGGRESSIVE;
				CLANG_WARN_UNREACHABLE_CODE = YES;
				CLANG_WARN__DUPLICATE_METHOD_MATCH = YES;
				COPY_PHASE_STRIP = NO;
				DEBUG_INFORMATION_FORMAT = dwarf;
				ENABLE_STRICT_OBJC_MSGSEND = YES;
				ENABLE_TESTABILITY = YES;
				GCC_C_LANGUAGE_STANDARD = gnu11;
				GCC_DYNAMIC_NO_PIC = NO;
				GCC_NO_COMMON_BLOCKS = YES;
				GCC_OPTIMIZATION_LEVEL = 0;
				GCC_PREPROCESSOR_DEFINITIONS = (
					"DEBUG=1",
					"$(inherited)",
				);
				GCC_WARN_64_TO_32_BIT_CONVERSION = YES;
				GCC_WARN_ABOUT_RETURN_TYPE = YES_ERROR;
				GCC_WARN_UNDECLARED_SELECTOR = YES;
				GCC_WARN_UNINITIALIZED_AUTOS = YES_AGGRESSIVE;
				GCC_WARN_UNUSED_FUNCTION = YES;
				GCC_WARN_UNUSED_VARIABLE = YES;
				IPHONEOS_DEPLOYMENT_TARGET = 13.2;
				MTL_ENABLE_DEBUG_INFO = INCLUDE_SOURCE;
				MTL_FAST_MATH = YES;
				ONLY_ACTIVE_ARCH = YES;
				SDKROOT = iphoneos;
				SWIFT_ACTIVE_COMPILATION_CONDITIONS = DEBUG;
				SWIFT_OPTIMIZATION_LEVEL = "-Onone";
			};
			name = Debug;
		};
		A4AD629A2399D4D500FB7119 /* Release */ = {
			isa = XCBuildConfiguration;
			buildSettings = {
				ALWAYS_SEARCH_USER_PATHS = NO;
				CLANG_ANALYZER_NONNULL = YES;
				CLANG_ANALYZER_NUMBER_OBJECT_CONVERSION = YES_AGGRESSIVE;
				CLANG_CXX_LANGUAGE_STANDARD = "gnu++14";
				CLANG_CXX_LIBRARY = "libc++";
				CLANG_ENABLE_MODULES = YES;
				CLANG_ENABLE_OBJC_ARC = YES;
				CLANG_ENABLE_OBJC_WEAK = YES;
				CLANG_WARN_BLOCK_CAPTURE_AUTORELEASING = YES;
				CLANG_WARN_BOOL_CONVERSION = YES;
				CLANG_WARN_COMMA = YES;
				CLANG_WARN_CONSTANT_CONVERSION = YES;
				CLANG_WARN_DEPRECATED_OBJC_IMPLEMENTATIONS = YES;
				CLANG_WARN_DIRECT_OBJC_ISA_USAGE = YES_ERROR;
				CLANG_WARN_DOCUMENTATION_COMMENTS = YES;
				CLANG_WARN_EMPTY_BODY = YES;
				CLANG_WARN_ENUM_CONVERSION = YES;
				CLANG_WARN_INFINITE_RECURSION = YES;
				CLANG_WARN_INT_CONVERSION = YES;
				CLANG_WARN_NON_LITERAL_NULL_CONVERSION = YES;
				CLANG_WARN_OBJC_IMPLICIT_RETAIN_SELF = YES;
				CLANG_WARN_OBJC_LITERAL_CONVERSION = YES;
				CLANG_WARN_OBJC_ROOT_CLASS = YES_ERROR;
				CLANG_WARN_RANGE_LOOP_ANALYSIS = YES;
				CLANG_WARN_STRICT_PROTOTYPES = YES;
				CLANG_WARN_SUSPICIOUS_MOVE = YES;
				CLANG_WARN_UNGUARDED_AVAILABILITY = YES_AGGRESSIVE;
				CLANG_WARN_UNREACHABLE_CODE = YES;
				CLANG_WARN__DUPLICATE_METHOD_MATCH = YES;
				COPY_PHASE_STRIP = NO;
				DEBUG_INFORMATION_FORMAT = "dwarf-with-dsym";
				ENABLE_NS_ASSERTIONS = NO;
				ENABLE_STRICT_OBJC_MSGSEND = YES;
				GCC_C_LANGUAGE_STANDARD = gnu11;
				GCC_NO_COMMON_BLOCKS = YES;
				GCC_WARN_64_TO_32_BIT_CONVERSION = YES;
				GCC_WARN_ABOUT_RETURN_TYPE = YES_ERROR;
				GCC_WARN_UNDECLARED_SELECTOR = YES;
				GCC_WARN_UNINITIALIZED_AUTOS = YES_AGGRESSIVE;
				GCC_WARN_UNUSED_FUNCTION = YES;
				GCC_WARN_UNUSED_VARIABLE = YES;
				IPHONEOS_DEPLOYMENT_TARGET = 13.2;
				MTL_ENABLE_DEBUG_INFO = NO;
				MTL_FAST_MATH = YES;
				SDKROOT = iphoneos;
				SWIFT_COMPILATION_MODE = wholemodule;
				SWIFT_OPTIMIZATION_LEVEL = "-O";
				VALIDATE_PRODUCT = YES;
			};
			name = Release;
		};
		A4AD629C2399D4D500FB7119 /* Debug */ = {
			isa = XCBuildConfiguration;
			baseConfigurationReference = 2399DD2E81E1640451EC7146 /* Pods-Lista_Empresas.debug.xcconfig */;
			buildSettings = {
				ASSETCATALOG_COMPILER_APPICON_NAME = AppIcon;
				CODE_SIGN_STYLE = Automatic;
				FRAMEWORK_SEARCH_PATHS = (
					"$(inherited)",
					"$(PROJECT_DIR)/Carthage/Build/iOS",
				);
				INFOPLIST_FILE = Lista_Empresas/Info.plist;
				LD_RUNPATH_SEARCH_PATHS = (
					"$(inherited)",
					"@executable_path/Frameworks",
				);
				PRODUCT_BUNDLE_IDENTIFIER = "com.rafaelMartins.Lista-Empresas";
				PRODUCT_NAME = "$(TARGET_NAME)";
				SWIFT_VERSION = 5.0;
				TARGETED_DEVICE_FAMILY = "1,2";
			};
			name = Debug;
		};
		A4AD629D2399D4D500FB7119 /* Release */ = {
			isa = XCBuildConfiguration;
			baseConfigurationReference = EBEE082B660985F0CD429D74 /* Pods-Lista_Empresas.release.xcconfig */;
			buildSettings = {
				ASSETCATALOG_COMPILER_APPICON_NAME = AppIcon;
				CODE_SIGN_STYLE = Automatic;
				FRAMEWORK_SEARCH_PATHS = (
					"$(inherited)",
					"$(PROJECT_DIR)/Carthage/Build/iOS",
				);
				INFOPLIST_FILE = Lista_Empresas/Info.plist;
				LD_RUNPATH_SEARCH_PATHS = (
					"$(inherited)",
					"@executable_path/Frameworks",
				);
				PRODUCT_BUNDLE_IDENTIFIER = "com.rafaelMartins.Lista-Empresas";
				PRODUCT_NAME = "$(TARGET_NAME)";
				SWIFT_VERSION = 5.0;
				TARGETED_DEVICE_FAMILY = "1,2";
			};
			name = Release;
		};
/* End XCBuildConfiguration section */

/* Begin XCConfigurationList section */
		A4AD62822399D4D400FB7119 /* Build configuration list for PBXProject "Lista_Empresas" */ = {
			isa = XCConfigurationList;
			buildConfigurations = (
				A4AD62992399D4D500FB7119 /* Debug */,
				A4AD629A2399D4D500FB7119 /* Release */,
			);
			defaultConfigurationIsVisible = 0;
			defaultConfigurationName = Release;
		};
		A4AD629B2399D4D500FB7119 /* Build configuration list for PBXNativeTarget "Lista_Empresas" */ = {
			isa = XCConfigurationList;
			buildConfigurations = (
				A4AD629C2399D4D500FB7119 /* Debug */,
				A4AD629D2399D4D500FB7119 /* Release */,
			);
			defaultConfigurationIsVisible = 0;
			defaultConfigurationName = Release;
		};
/* End XCConfigurationList section */
	};
	rootObject = A4AD627F2399D4D400FB7119 /* Project object */;
}
